Microsoft Visual Studio Solution File, Format Version 12.00
# Visual Studio Version 17
VisualStudioVersion = 17.5.2.0
MinimumVisualStudioVersion = 10.0.40219.1
Project("{FAE04EC0-301F-11D3-BF4B-00C04F79EFBC}") = "WorkflowEngine", "WorkflowEngine\WorkflowEngine.csproj", "{EE5A7238-0D40-4EF8-9729-D21C74582254}"
EndProject
Global
	GlobalSection(SolutionConfigurationPlatforms) = preSolution
		Debug|Any CPU = Debug|Any CPU
		Release|Any CPU = Release|Any CPU
	EndGlobalSection
	GlobalSection(ProjectConfigurationPlatforms) = postSolution
		{EE5A7238-0D40-4EF8-9729-D21C74582254}.Debug|Any CPU.ActiveCfg = Debug|Any CPU
		{EE5A7238-0D40-4EF8-9729-D21C74582254}.Debug|Any CPU.Build.0 = Debug|Any CPU
		{EE5A7238-0D40-4EF8-9729-D21C74582254}.Release|Any CPU.ActiveCfg = Release|Any CPU
		{EE5A7238-0D40-4EF8-9729-D21C74582254}.Release|Any CPU.Build.0 = Release|Any CPU
	EndGlobalSection
	GlobalSection(SolutionProperties) = preSolution
		HideSolutionNode = FALSE
	EndGlobalSection
	GlobalSection(ExtensibilityGlobals) = postSolution
		SolutionGuid = {D4B050C4-07C5-4036-A5D9-73969993F2E2}
	EndGlobalSection
EndGlobal
